
Microsoft Visual Studio Solution File, Format Version 12.00
# Visual Studio Version 17
VisualStudioVersion = 17.14.36408.4 d17.14
MinimumVisualStudioVersion = 10.0.40219.1
Project("{FAE04EC0-301F-11D3-BF4B-00C04F79EFBC}") = "FaraHub.Web", "FaraHub.Web\FaraHub.Web.csproj", "{05A4254D-EAB7-48DD-BAD8-3AE4B480FB9C}"
EndProject
Global
	GlobalSection(SolutionConfigurationPlatforms) = preSolution
		Debug|Any CPU = Debug|Any CPU
		Release|Any CPU = Release|Any CPU
	EndGlobalSection
	GlobalSection(ProjectConfigurationPlatforms) = postSolution
		{05A4254D-EAB7-48DD-BAD8-3AE4B480FB9C}.Debug|Any CPU.ActiveCfg = Debug|Any CPU
		{05A4254D-EAB7-48DD-BAD8-3AE4B480FB9C}.Debug|Any CPU.Build.0 = Debug|Any CPU
		{05A4254D-EAB7-48DD-BAD8-3AE4B480FB9C}.Release|Any CPU.ActiveCfg = Release|Any CPU
		{05A4254D-EAB7-48DD-BAD8-3AE4B480FB9C}.Release|Any CPU.Build.0 = Release|Any CPU
	EndGlobalSection
	GlobalSection(SolutionProperties) = preSolution
		HideSolutionNode = FALSE
	EndGlobalSection
	GlobalSection(ExtensibilityGlobals) = postSolution
		SolutionGuid = {5729149D-3E59-4A16-A858-66F51B3DE418}
	EndGlobalSection
EndGlobal
